PODS:
  - Action (3.4.0):
    - RxCocoa (~> 4.0)
    - RxSwift (~> 4.0)
  - Alamofire (4.5.1)
  - Differentiator (3.0.1)
  - ModelMapper (7.2.0)
  - Moya (10.0.0):
    - Moya/Core (= 10.0.0)
  - Moya/Core (10.0.0):
    - Alamofire (~> 4.1)
    - Result (~> 3.0)
  - NSObject+Rx (4.2.0):
    - RxSwift (~> 4.0)
  - p2.OAuth2 (3.0.3)
  - Result (3.2.4)
  - RxCocoa (4.0.0):
    - RxSwift (~> 4.0)
  - RxDataSources (3.0.1):
    - Differentiator (~> 3.0)
    - RxCocoa (~> 4.0)
    - RxSwift (~> 4.0)
  - RxOptional (3.3.0):
    - RxCocoa (~> 4.0)
    - RxSwift (~> 4.0)
  - RxSwift (4.0.0)

DEPENDENCIES:
  - Action
  - ModelMapper
  - Moya
  - NSObject+Rx
  - p2.OAuth2
  - RxCocoa
  - RxDataSources
  - RxOptional
  - RxSwift

SPEC CHECKSUMS:
  Action: a9b4a15708233c73a0beee92bb677262ccbd8a96
  Alamofire: 2d95912bf4c34f164fdfc335872e8c312acaea4a
  Differentiator: ffe513ce1ea4e7198b89fac94d6e281c673055a9
  ModelMapper: bef729f9c7095cadffc3c2ef9432fc5e21d8fc60
  Moya: adb58b0f4e58430db43cc6e2f6ebab1836501186
  NSObject+Rx: cbbc05e3cb3ad446cdbced3e00e39c9efaf02925
  p2.OAuth2: 63d8d3e366ac2c43bfe8bfa13b42cfeb908c314e
  Result: d2d07204ce72856f1fd9130bbe42c35a7b0fea10
  RxCocoa: d62846ca96495d862fa4c59ea7d87e5031d7340e
  RxDataSources: 098b7e62b6316313b14d6bf594e3f4f4f62a238a
  RxOptional: e5448d3e21024489e07c31f6a262f2b50c975367
  RxSwift: fd680d75283beb5e2559486f3c0ff852f0d35334

PODFILE CHECKSUM: 802d8119250c72ce47f871b71beb5796a3983239

COCOAPODS: 1.3.1
