// !$*UTF8*$!
{
	archiveVersion = 1;
	classes = {
	};
	objectVersion = 48;
	objects = {

/* Begin PBXBuildFile section */
		1090D75275C09BAE87BE25BD /* Pods_Papr.framework in Frameworks */ = {isa = PBXBuildFile; fileRef = D778F2E1EFA76CEB59A377CB /* Pods_Papr.framework */; };
		63CC2B27C8EE9499B1D6C702 /* Pods_PaprTests.framework in Frameworks */ = {isa = PBXBuildFile; fileRef = DD3D8A956FB1C8A8D3B456A7 /* Pods_PaprTests.framework */; };
		CBEDD29778BCF9269C6CDB95 /* Pods_PaprUITests.framework in Frameworks */ = {isa = PBXBuildFile; fileRef = D59E6B0C5E02E5657E3FA6EA /* Pods_PaprUITests.framework */; };
		DCBB1B221FA7B1BD004E95F0 /* AppDelegate.swift in Sources */ = {isa = PBXBuildFile; fileRef = DCBB1B211FA7B1BD004E95F0 /* AppDelegate.swift */; };
		DCBB1B241FA7B1BD004E95F0 /* ViewController.swift in Sources */ = {isa = PBXBuildFile; fileRef = DCBB1B231FA7B1BD004E95F0 /* ViewController.swift */; };
		DCBB1B271FA7B1BD004E95F0 /* Main.storyboard in Resources */ = {isa = PBXBuildFile; fileRef = DCBB1B251FA7B1BD004E95F0 /* Main.storyboard */; };
		DCBB1B291FA7B1BD004E95F0 /* Assets.xcassets in Resources */ = {isa = PBXBuildFile; fileRef = DCBB1B281FA7B1BD004E95F0 /* Assets.xcassets */; };
		DCBB1B2C1FA7B1BD004E95F0 /* LaunchScreen.storyboard in Resources */ = {isa = PBXBuildFile; fileRef = DCBB1B2A1FA7B1BD004E95F0 /* LaunchScreen.storyboard */; };
		DCBB1B371FA7B1BD004E95F0 /* PaprTests.swift in Sources */ = {isa = PBXBuildFile; fileRef = DCBB1B361FA7B1BD004E95F0 /* PaprTests.swift */; };
		DCBB1B421FA7B1BD004E95F0 /* PaprUITests.swift in Sources */ = {isa = PBXBuildFile; fileRef = DCBB1B411FA7B1BD004E95F0 /* PaprUITests.swift */; };
/* End PBXBuildFile section */

/* Begin PBXContainerItemProxy section */
		DCBB1B331FA7B1BD004E95F0 /* PBXContainerItemProxy */ = {
			isa = PBXContainerItemProxy;
			containerPortal = DCBB1B161FA7B1BD004E95F0 /* Project object */;
			proxyType = 1;
			remoteGlobalIDString = DCBB1B1D1FA7B1BD004E95F0;
			remoteInfo = Papr;
		};
		DCBB1B3E1FA7B1BD004E95F0 /* PBXContainerItemProxy */ = {
			isa = PBXContainerItemProxy;
			containerPortal = DCBB1B161FA7B1BD004E95F0 /* Project object */;
			proxyType = 1;
			remoteGlobalIDString = DCBB1B1D1FA7B1BD004E95F0;
			remoteInfo = Papr;
		};
/* End PBXContainerItemProxy section */

/* Begin PBXFileReference section */
		05991E5B148D044C15815E17 /* Pods-PaprUITests.debug.xcconfig */ = {isa = PBXFileReference; includeInIndex = 1; lastKnownFileType = text.xcconfig; name = "Pods-PaprUITests.debug.xcconfig"; path = "Pods/Target Support Files/Pods-PaprUITests/Pods-PaprUITests.debug.xcconfig"; sourceTree = "<group>"; };
		54A367A7275D753D93ACC1AB /* Pods-Papr.debug.xcconfig */ = {isa = PBXFileReference; includeInIndex = 1; lastKnownFileType = text.xcconfig; name = "Pods-Papr.debug.xcconfig"; path = "Pods/Target Support Files/Pods-Papr/Pods-Papr.debug.xcconfig"; sourceTree = "<group>"; };
		73C64AFFEE5BB0DA9AE1AB4D /* Pods-Papr.release.xcconfig */ = {isa = PBXFileReference; includeInIndex = 1; lastKnownFileType = text.xcconfig; name = "Pods-Papr.release.xcconfig"; path = "Pods/Target Support Files/Pods-Papr/Pods-Papr.release.xcconfig"; sourceTree = "<group>"; };
		7ADA4A068C8B3E3A9F491B6C /* Pods-PaprUITests.release.xcconfig */ = {isa = PBXFileReference; includeInIndex = 1; lastKnownFileType = text.xcconfig; name = "Pods-PaprUITests.release.xcconfig"; path = "Pods/Target Support Files/Pods-PaprUITests/Pods-PaprUITests.release.xcconfig"; sourceTree = "<group>"; };
		CB61BD2759AC178641433994 /* Pods-PaprTests.debug.xcconfig */ = {isa = PBXFileReference; includeInIndex = 1; lastKnownFileType = text.xcconfig; name = "Pods-PaprTests.debug.xcconfig"; path = "Pods/Target Support Files/Pods-PaprTests/Pods-PaprTests.debug.xcconfig"; sourceTree = "<group>"; };
		D59E6B0C5E02E5657E3FA6EA /* Pods_PaprUITests.framework */ = {isa = PBXFileReference; explicitFileType = wrapper.framework; includeInIndex = 0; path = Pods_PaprUITests.framework; sourceTree = BUILT_PRODUCTS_DIR; };
		D778F2E1EFA76CEB59A377CB /* Pods_Papr.framework */ = {isa = PBXFileReference; explicitFileType = wrapper.framework; includeInIndex = 0; path = Pods_Papr.framework; sourceTree = BUILT_PRODUCTS_DIR; };
		DCBB1B1E1FA7B1BD004E95F0 /* Papr.app */ = {isa = PBXFileReference; explicitFileType = wrapper.application; includeInIndex = 0; path = Papr.app; sourceTree = BUILT_PRODUCTS_DIR; };
		DCBB1B211FA7B1BD004E95F0 /* AppDelegate.swift */ = {isa = PBXFileReference; lastKnownFileType = sourcecode.swift; path = AppDelegate.swift; sourceTree = "<group>"; };
		DCBB1B231FA7B1BD004E95F0 /* ViewController.swift */ = {isa = PBXFileReference; lastKnownFileType = sourcecode.swift; path = ViewController.swift; sourceTree = "<group>"; };
		DCBB1B261FA7B1BD004E95F0 /* Base */ = {isa = PBXFileReference; lastKnownFileType = file.storyboard; name = Base; path = Base.lproj/Main.storyboard; sourceTree = "<group>"; };
		DCBB1B281FA7B1BD004E95F0 /* Assets.xcassets */ = {isa = PBXFileReference; lastKnownFileType = folder.assetcatalog; path = Assets.xcassets; sourceTree = "<group>"; };
		DCBB1B2B1FA7B1BD004E95F0 /* Base */ = {isa = PBXFileReference; lastKnownFileType = file.storyboard; name = Base; path = Base.lproj/LaunchScreen.storyboard; sourceTree = "<group>"; };
		DCBB1B2D1FA7B1BD004E95F0 /* Info.plist */ = {isa = PBXFileReference; lastKnownFileType = text.plist.xml; path = Info.plist; sourceTree = "<group>"; };
		DCBB1B321FA7B1BD004E95F0 /* PaprTests.xctest */ = {isa = PBXFileReference; explicitFileType = wrapper.cfbundle; includeInIndex = 0; path = PaprTests.xctest; sourceTree = BUILT_PRODUCTS_DIR; };
		DCBB1B361FA7B1BD004E95F0 /* PaprTests.swift */ = {isa = PBXFileReference; lastKnownFileType = sourcecode.swift; path = PaprTests.swift; sourceTree = "<group>"; };
		DCBB1B381FA7B1BD004E95F0 /* Info.plist */ = {isa = PBXFileReference; lastKnownFileType = text.plist.xml; path = Info.plist; sourceTree = "<group>"; };
		DCBB1B3D1FA7B1BD004E95F0 /* PaprUITests.xctest */ = {isa = PBXFileReference; explicitFileType = wrapper.cfbundle; includeInIndex = 0; path = PaprUITests.xctest; sourceTree = BUILT_PRODUCTS_DIR; };
		DCBB1B411FA7B1BD004E95F0 /* PaprUITests.swift */ = {isa = PBXFileReference; lastKnownFileType = sourcecode.swift; path = PaprUITests.swift; sourceTree = "<group>"; };
		DCBB1B431FA7B1BD004E95F0 /* Info.plist */ = {isa = PBXFileReference; lastKnownFileType = text.plist.xml; path = Info.plist; sourceTree = "<group>"; };
		DD3D8A956FB1C8A8D3B456A7 /* Pods_PaprTests.framework */ = {isa = PBXFileReference; explicitFileType = wrapper.framework; includeInIndex = 0; path = Pods_PaprTests.framework; sourceTree = BUILT_PRODUCTS_DIR; };
		F1B488556B6761A1E7A75AA3 /* Pods-PaprTests.release.xcconfig */ = {isa = PBXFileReference; includeInIndex = 1; lastKnownFileType = text.xcconfig; name = "Pods-PaprTests.release.xcconfig"; path = "Pods/Target Support Files/Pods-PaprTests/Pods-PaprTests.release.xcconfig"; sourceTree = "<group>"; };
/* End PBXFileReference section */

/* Begin PBXFrameworksBuildPhase section */
		DCBB1B1B1FA7B1BD004E95F0 /* Frameworks */ = {
			isa = PBXFrameworksBuildPhase;
			buildActionMask = 2147483647;
			files = (
				1090D75275C09BAE87BE25BD /* Pods_Papr.framework in Frameworks */,
			);
			runOnlyForDeploymentPostprocessing = 0;
		};
		DCBB1B2F1FA7B1BD004E95F0 /* Frameworks */ = {
			isa = PBXFrameworksBuildPhase;
			buildActionMask = 2147483647;
			files = (
				63CC2B27C8EE9499B1D6C702 /* Pods_PaprTests.framework in Frameworks */,
			);
			runOnlyForDeploymentPostprocessing = 0;
		};
		DCBB1B3A1FA7B1BD004E95F0 /* Frameworks */ = {
			isa = PBXFrameworksBuildPhase;
			buildActionMask = 2147483647;
			files = (
				CBEDD29778BCF9269C6CDB95 /* Pods_PaprUITests.framework in Frameworks */,
			);
			runOnlyForDeploymentPostprocessing = 0;
		};
/* End PBXFrameworksBuildPhase section */

/* Begin PBXGroup section */
		6954C9EA61357885A2378727 /* Frameworks */ = {
			isa = PBXGroup;
			children = (
				D778F2E1EFA76CEB59A377CB /* Pods_Papr.framework */,
				DD3D8A956FB1C8A8D3B456A7 /* Pods_PaprTests.framework */,
				D59E6B0C5E02E5657E3FA6EA /* Pods_PaprUITests.framework */,
			);
			name = Frameworks;
			sourceTree = "<group>";
		};
		DCBB1B151FA7B1BD004E95F0 = {
			isa = PBXGroup;
			children = (
				DCBB1B201FA7B1BD004E95F0 /* Papr */,
				DCBB1B351FA7B1BD004E95F0 /* PaprTests */,
				DCBB1B401FA7B1BD004E95F0 /* PaprUITests */,
				DCBB1B1F1FA7B1BD004E95F0 /* Products */,
				E48B3CBD8883657E132143BC /* Pods */,
				6954C9EA61357885A2378727 /* Frameworks */,
			);
			sourceTree = "<group>";
		};
		DCBB1B1F1FA7B1BD004E95F0 /* Products */ = {
			isa = PBXGroup;
			children = (
				DCBB1B1E1FA7B1BD004E95F0 /* Papr.app */,
				DCBB1B321FA7B1BD004E95F0 /* PaprTests.xctest */,
				DCBB1B3D1FA7B1BD004E95F0 /* PaprUITests.xctest */,
			);
			name = Products;
			sourceTree = "<group>";
		};
		DCBB1B201FA7B1BD004E95F0 /* Papr */ = {
			isa = PBXGroup;
			children = (
				DCBB1B211FA7B1BD004E95F0 /* AppDelegate.swift */,
				DCBB1B231FA7B1BD004E95F0 /* ViewController.swift */,
				DCBB1B251FA7B1BD004E95F0 /* Main.storyboard */,
				DCBB1B281FA7B1BD004E95F0 /* Assets.xcassets */,
				DCBB1B2A1FA7B1BD004E95F0 /* LaunchScreen.storyboard */,
				DCBB1B2D1FA7B1BD004E95F0 /* Info.plist */,
			);
			path = Papr;
			sourceTree = "<group>";
		};
		DCBB1B351FA7B1BD004E95F0 /* PaprTests */ = {
			isa = PBXGroup;
			children = (
				DCBB1B361FA7B1BD004E95F0 /* PaprTests.swift */,
				DCBB1B381FA7B1BD004E95F0 /* Info.plist */,
			);
			path = PaprTests;
			sourceTree = "<group>";
		};
		DCBB1B401FA7B1BD004E95F0 /* PaprUITests */ = {
			isa = PBXGroup;
			children = (
				DCBB1B411FA7B1BD004E95F0 /* PaprUITests.swift */,
				DCBB1B431FA7B1BD004E95F0 /* Info.plist */,
			);
			path = PaprUITests;
			sourceTree = "<group>";
		};
		E48B3CBD8883657E132143BC /* Pods */ = {
			isa = PBXGroup;
			children = (
				54A367A7275D753D93ACC1AB /* Pods-Papr.debug.xcconfig */,
				73C64AFFEE5BB0DA9AE1AB4D /* Pods-Papr.release.xcconfig */,
				CB61BD2759AC178641433994 /* Pods-PaprTests.debug.xcconfig */,
				F1B488556B6761A1E7A75AA3 /* Pods-PaprTests.release.xcconfig */,
				05991E5B148D044C15815E17 /* Pods-PaprUITests.debug.xcconfig */,
				7ADA4A068C8B3E3A9F491B6C /* Pods-PaprUITests.release.xcconfig */,
			);
			name = Pods;
			sourceTree = "<group>";
		};
/* End PBXGroup section */

/* Begin PBXNativeTarget section */
		DCBB1B1D1FA7B1BD004E95F0 /* Papr */ = {
			isa = PBXNativeTarget;
			buildConfigurationList = DCBB1B461FA7B1BD004E95F0 /* Build configuration list for PBXNativeTarget "Papr" */;
			buildPhases = (
				ACB1B207744BA4C855B53D15 /* [CP] Check Pods Manifest.lock */,
				DCBB1B1A1FA7B1BD004E95F0 /* Sources */,
				DCBB1B1B1FA7B1BD004E95F0 /* Frameworks */,
				DCBB1B1C1FA7B1BD004E95F0 /* Resources */,
				0BD9448C5FCB6EFEF7E2B09F /* [CP] Embed Pods Frameworks */,
				4EB097E0CCB37065B8DA3D40 /* [CP] Copy Pods Resources */,
			);
			buildRules = (
			);
			dependencies = (
			);
			name = Papr;
			productName = Papr;
			productReference = DCBB1B1E1FA7B1BD004E95F0 /* Papr.app */;
			productType = "com.apple.product-type.application";
		};
		DCBB1B311FA7B1BD004E95F0 /* PaprTests */ = {
			isa = PBXNativeTarget;
			buildConfigurationList = DCBB1B491FA7B1BD004E95F0 /* Build configuration list for PBXNativeTarget "PaprTests" */;
			buildPhases = (
				F798D865D49CA26F4996D71B /* [CP] Check Pods Manifest.lock */,
				DCBB1B2E1FA7B1BD004E95F0 /* Sources */,
				DCBB1B2F1FA7B1BD004E95F0 /* Frameworks */,
				DCBB1B301FA7B1BD004E95F0 /* Resources */,
				BEFB0C86AA55DF78F084AC8B /* [CP] Embed Pods Frameworks */,
				953FA333BA23356C992B24DF /* [CP] Copy Pods Resources */,
			);
			buildRules = (
			);
			dependencies = (
				DCBB1B341FA7B1BD004E95F0 /* PBXTargetDependency */,
			);
			name = PaprTests;
			productName = PaprTests;
			productReference = DCBB1B321FA7B1BD004E95F0 /* PaprTests.xctest */;
			productType = "com.apple.product-type.bundle.unit-test";
		};
		DCBB1B3C1FA7B1BD004E95F0 /* PaprUITests */ = {
			isa = PBXNativeTarget;
			buildConfigurationList = DCBB1B4C1FA7B1BD004E95F0 /* Build configuration list for PBXNativeTarget "PaprUITests" */;
			buildPhases = (
				0933EC37BA16D3E6DFBD4387 /* [CP] Check Pods Manifest.lock */,
				DCBB1B391FA7B1BD004E95F0 /* Sources */,
				DCBB1B3A1FA7B1BD004E95F0 /* Frameworks */,
				DCBB1B3B1FA7B1BD004E95F0 /* Resources */,
				DA9A4232E031D2E036270167 /* [CP] Embed Pods Frameworks */,
				5FAB67834182E413013034E0 /* [CP] Copy Pods Resources */,
			);
			buildRules = (
			);
			dependencies = (
				DCBB1B3F1FA7B1BD004E95F0 /* PBXTargetDependency */,
			);
			name = PaprUITests;
			productName = PaprUITests;
			productReference = DCBB1B3D1FA7B1BD004E95F0 /* PaprUITests.xctest */;
			productType = "com.apple.product-type.bundle.ui-testing";
		};
/* End PBXNativeTarget section */

/* Begin PBXProject section */
		DCBB1B161FA7B1BD004E95F0 /* Project object */ = {
			isa = PBXProject;
			attributes = {
				LastSwiftUpdateCheck = 0900;
				LastUpgradeCheck = 0900;
				ORGANIZATIONNAME = "Joan Disho";
				TargetAttributes = {
					DCBB1B1D1FA7B1BD004E95F0 = {
						CreatedOnToolsVersion = 9.0.1;
						ProvisioningStyle = Automatic;
					};
					DCBB1B311FA7B1BD004E95F0 = {
						CreatedOnToolsVersion = 9.0.1;
						ProvisioningStyle = Automatic;
						TestTargetID = DCBB1B1D1FA7B1BD004E95F0;
					};
					DCBB1B3C1FA7B1BD004E95F0 = {
						CreatedOnToolsVersion = 9.0.1;
						ProvisioningStyle = Automatic;
						TestTargetID = DCBB1B1D1FA7B1BD004E95F0;
					};
				};
			};
			buildConfigurationList = DCBB1B191FA7B1BD004E95F0 /* Build configuration list for PBXProject "Papr" */;
			compatibilityVersion = "Xcode 8.0";
			developmentRegion = en;
			hasScannedForEncodings = 0;
			knownRegions = (
				en,
				Base,
			);
			mainGroup = DCBB1B151FA7B1BD004E95F0;
			productRefGroup = DCBB1B1F1FA7B1BD004E95F0 /* Products */;
			projectDirPath = "";
			projectRoot = "";
			targets = (
				DCBB1B1D1FA7B1BD004E95F0 /* Papr */,
				DCBB1B311FA7B1BD004E95F0 /* PaprTests */,
				DCBB1B3C1FA7B1BD004E95F0 /* PaprUITests */,
			);
		};
/* End PBXProject section */

/* Begin PBXResourcesBuildPhase section */
		DCBB1B1C1FA7B1BD004E95F0 /* Resources */ = {
			isa = PBXResourcesBuildPhase;
			buildActionMask = 2147483647;
			files = (
				DCBB1B2C1FA7B1BD004E95F0 /* LaunchScreen.storyboard in Resources */,
				DCBB1B291FA7B1BD004E95F0 /* Assets.xcassets in Resources */,
				DCBB1B271FA7B1BD004E95F0 /* Main.storyboard in Resources */,
			);
			runOnlyForDeploymentPostprocessing = 0;
		};
		DCBB1B301FA7B1BD004E95F0 /* Resources */ = {
			isa = PBXResourcesBuildPhase;
			buildActionMask = 2147483647;
			files = (
			);
			runOnlyForDeploymentPostprocessing = 0;
		};
		DCBB1B3B1FA7B1BD004E95F0 /* Resources */ = {
			isa = PBXResourcesBuildPhase;
			buildActionMask = 2147483647;
			files = (
			);
			runOnlyForDeploymentPostprocessing = 0;
		};
/* End PBXResourcesBuildPhase section */

/* Begin PBXShellScriptBuildPhase section */
		0933EC37BA16D3E6DFBD4387 /* [CP] Check Pods Manifest.lock */ = {
			isa = PBXShellScriptBuildPhase;
			buildActionMask = 2147483647;
			files = (
			);
			inputPaths = (
				"${PODS_PODFILE_DIR_PATH}/Podfile.lock",
				"${PODS_ROOT}/Manifest.lock",
			);
			name = "[CP] Check Pods Manifest.lock";
			outputPaths = (
				"$(DERIVED_FILE_DIR)/Pods-PaprUITests-checkManifestLockResult.txt",
			);
			runOnlyForDeploymentPostprocessing = 0;
			shellPath = /bin/sh;
			shellScript = "diff \"${PODS_PODFILE_DIR_PATH}/Podfile.lock\" \"${PODS_ROOT}/Manifest.lock\" > /dev/null\nif [ $? != 0 ] ; then\n    # print error to STDERR\n    echo \"error: The sandbox is not in sync with the Podfile.lock. Run 'pod install' or update your CocoaPods installation.\" >&2\n    exit 1\nfi\n# This output is used by Xcode 'outputs' to avoid re-running this script phase.\necho \"SUCCESS\" > \"${SCRIPT_OUTPUT_FILE_0}\"\n";
			showEnvVarsInLog = 0;
		};
		0BD9448C5FCB6EFEF7E2B09F /* [CP] Embed Pods Frameworks */ = {
			isa = PBXShellScriptBuildPhase;
			buildActionMask = 2147483647;
			files = (
			);
			inputPaths = (
				"${SRCROOT}/Pods/Target Support Files/Pods-Papr/Pods-Papr-frameworks.sh",
				"${BUILT_PRODUCTS_DIR}/Action/Action.framework",
				"${BUILT_PRODUCTS_DIR}/Alamofire/Alamofire.framework",
				"${BUILT_PRODUCTS_DIR}/Differentiator/Differentiator.framework",
				"${BUILT_PRODUCTS_DIR}/ModelMapper/Mapper.framework",
				"${BUILT_PRODUCTS_DIR}/Moya/Moya.framework",
				"${BUILT_PRODUCTS_DIR}/NSObject+Rx/NSObject_Rx.framework",
				"${BUILT_PRODUCTS_DIR}/Result/Result.framework",
				"${BUILT_PRODUCTS_DIR}/RxCocoa/RxCocoa.framework",
				"${BUILT_PRODUCTS_DIR}/RxDataSources/RxDataSources.framework",
				"${BUILT_PRODUCTS_DIR}/RxOptional/RxOptional.framework",
				"${BUILT_PRODUCTS_DIR}/RxSwift/RxSwift.framework",
				"${BUILT_PRODUCTS_DIR}/p2.OAuth2/p2_OAuth2.framework",
			);
			name = "[CP] Embed Pods Frameworks";
			outputPaths = (
				"${TARGET_BUILD_DIR}/${FRAMEWORKS_FOLDER_PATH}/Action.framework",
				"${TARGET_BUILD_DIR}/${FRAMEWORKS_FOLDER_PATH}/Alamofire.framework",
				"${TARGET_BUILD_DIR}/${FRAMEWORKS_FOLDER_PATH}/Differentiator.framework",
				"${TARGET_BUILD_DIR}/${FRAMEWORKS_FOLDER_PATH}/Mapper.framework",
				"${TARGET_BUILD_DIR}/${FRAMEWORKS_FOLDER_PATH}/Moya.framework",
				"${TARGET_BUILD_DIR}/${FRAMEWORKS_FOLDER_PATH}/NSObject_Rx.framework",
				"${TARGET_BUILD_DIR}/${FRAMEWORKS_FOLDER_PATH}/Result.framework",
				"${TARGET_BUILD_DIR}/${FRAMEWORKS_FOLDER_PATH}/RxCocoa.framework",
				"${TARGET_BUILD_DIR}/${FRAMEWORKS_FOLDER_PATH}/RxDataSources.framework",
				"${TARGET_BUILD_DIR}/${FRAMEWORKS_FOLDER_PATH}/RxOptional.framework",
				"${TARGET_BUILD_DIR}/${FRAMEWORKS_FOLDER_PATH}/RxSwift.framework",
				"${TARGET_BUILD_DIR}/${FRAMEWORKS_FOLDER_PATH}/p2_OAuth2.framework",
			);
			runOnlyForDeploymentPostprocessing = 0;
			shellPath = /bin/sh;
			shellScript = "\"${SRCROOT}/Pods/Target Support Files/Pods-Papr/Pods-Papr-frameworks.sh\"\n";
			showEnvVarsInLog = 0;
		};
		4EB097E0CCB37065B8DA3D40 /* [CP] Copy Pods Resources */ = {
			isa = PBXShellScriptBuildPhase;
			buildActionMask = 2147483647;
			files = (
			);
			inputPaths = (
			);
			name = "[CP] Copy Pods Resources";
			outputPaths = (
			);
			runOnlyForDeploymentPostprocessing = 0;
			shellPath = /bin/sh;
			shellScript = "\"${SRCROOT}/Pods/Target Support Files/Pods-Papr/Pods-Papr-resources.sh\"\n";
			showEnvVarsInLog = 0;
		};
		5FAB67834182E413013034E0 /* [CP] Copy Pods Resources */ = {
			isa = PBXShellScriptBuildPhase;
			buildActionMask = 2147483647;
			files = (
			);
			inputPaths = (
			);
			name = "[CP] Copy Pods Resources";
			outputPaths = (
			);
			runOnlyForDeploymentPostprocessing = 0;
			shellPath = /bin/sh;
			shellScript = "\"${SRCROOT}/Pods/Target Support Files/Pods-PaprUITests/Pods-PaprUITests-resources.sh\"\n";
			showEnvVarsInLog = 0;
		};
		953FA333BA23356C992B24DF /* [CP] Copy Pods Resources */ = {
			isa = PBXShellScriptBuildPhase;
			buildActionMask = 2147483647;
			files = (
			);
			inputPaths = (
			);
			name = "[CP] Copy Pods Resources";
			outputPaths = (
			);
			runOnlyForDeploymentPostprocessing = 0;
			shellPath = /bin/sh;
			shellScript = "\"${SRCROOT}/Pods/Target Support Files/Pods-PaprTests/Pods-PaprTests-resources.sh\"\n";
			showEnvVarsInLog = 0;
		};
		ACB1B207744BA4C855B53D15 /* [CP] Check Pods Manifest.lock */ = {
			isa = PBXShellScriptBuildPhase;
			buildActionMask = 2147483647;
			files = (
			);
			inputPaths = (
				"${PODS_PODFILE_DIR_PATH}/Podfile.lock",
				"${PODS_ROOT}/Manifest.lock",
			);
			name = "[CP] Check Pods Manifest.lock";
			outputPaths = (
				"$(DERIVED_FILE_DIR)/Pods-Papr-checkManifestLockResult.txt",
			);
			runOnlyForDeploymentPostprocessing = 0;
			shellPath = /bin/sh;
			shellScript = "diff \"${PODS_PODFILE_DIR_PATH}/Podfile.lock\" \"${PODS_ROOT}/Manifest.lock\" > /dev/null\nif [ $? != 0 ] ; then\n    # print error to STDERR\n    echo \"error: The sandbox is not in sync with the Podfile.lock. Run 'pod install' or update your CocoaPods installation.\" >&2\n    exit 1\nfi\n# This output is used by Xcode 'outputs' to avoid re-running this script phase.\necho \"SUCCESS\" > \"${SCRIPT_OUTPUT_FILE_0}\"\n";
			showEnvVarsInLog = 0;
		};
		BEFB0C86AA55DF78F084AC8B /* [CP] Embed Pods Frameworks */ = {
			isa = PBXShellScriptBuildPhase;
			buildActionMask = 2147483647;
			files = (
			);
			inputPaths = (
			);
			name = "[CP] Embed Pods Frameworks";
			outputPaths = (
			);
			runOnlyForDeploymentPostprocessing = 0;
			shellPath = /bin/sh;
			shellScript = "\"${SRCROOT}/Pods/Target Support Files/Pods-PaprTests/Pods-PaprTests-frameworks.sh\"\n";
			showEnvVarsInLog = 0;
		};
		DA9A4232E031D2E036270167 /* [CP] Embed Pods Frameworks */ = {
			isa = PBXShellScriptBuildPhase;
			buildActionMask = 2147483647;
			files = (
			);
			inputPaths = (
			);
			name = "[CP] Embed Pods Frameworks";
			outputPaths = (
			);
			runOnlyForDeploymentPostprocessing = 0;
			shellPath = /bin/sh;
			shellScript = "\"${SRCROOT}/Pods/Target Support Files/Pods-PaprUITests/Pods-PaprUITests-frameworks.sh\"\n";
			showEnvVarsInLog = 0;
		};
		F798D865D49CA26F4996D71B /* [CP] Check Pods Manifest.lock */ = {
			isa = PBXShellScriptBuildPhase;
			buildActionMask = 2147483647;
			files = (
			);
			inputPaths = (
				"${PODS_PODFILE_DIR_PATH}/Podfile.lock",
				"${PODS_ROOT}/Manifest.lock",
			);
			name = "[CP] Check Pods Manifest.lock";
			outputPaths = (
				"$(DERIVED_FILE_DIR)/Pods-PaprTests-checkManifestLockResult.txt",
			);
			runOnlyForDeploymentPostprocessing = 0;
			shellPath = /bin/sh;
			shellScript = "diff \"${PODS_PODFILE_DIR_PATH}/Podfile.lock\" \"${PODS_ROOT}/Manifest.lock\" > /dev/null\nif [ $? != 0 ] ; then\n    # print error to STDERR\n    echo \"error: The sandbox is not in sync with the Podfile.lock. Run 'pod install' or update your CocoaPods installation.\" >&2\n    exit 1\nfi\n# This output is used by Xcode 'outputs' to avoid re-running this script phase.\necho \"SUCCESS\" > \"${SCRIPT_OUTPUT_FILE_0}\"\n";
			showEnvVarsInLog = 0;
		};
/* End PBXShellScriptBuildPhase section */

/* Begin PBXSourcesBuildPhase section */
		DCBB1B1A1FA7B1BD004E95F0 /* Sources */ = {
			isa = PBXSourcesBuildPhase;
			buildActionMask = 2147483647;
			files = (
				DCBB1B241FA7B1BD004E95F0 /* ViewController.swift in Sources */,
				DCBB1B221FA7B1BD004E95F0 /* AppDelegate.swift in Sources */,
			);
			runOnlyForDeploymentPostprocessing = 0;
		};
		DCBB1B2E1FA7B1BD004E95F0 /* Sources */ = {
			isa = PBXSourcesBuildPhase;
			buildActionMask = 2147483647;
			files = (
				DCBB1B371FA7B1BD004E95F0 /* PaprTests.swift in Sources */,
			);
			runOnlyForDeploymentPostprocessing = 0;
		};
		DCBB1B391FA7B1BD004E95F0 /* Sources */ = {
			isa = PBXSourcesBuildPhase;
			buildActionMask = 2147483647;
			files = (
				DCBB1B421FA7B1BD004E95F0 /* PaprUITests.swift in Sources */,
			);
			runOnlyForDeploymentPostprocessing = 0;
		};
/* End PBXSourcesBuildPhase section */

/* Begin PBXTargetDependency section */
		DCBB1B341FA7B1BD004E95F0 /* PBXTargetDependency */ = {
			isa = PBXTargetDependency;
			target = DCBB1B1D1FA7B1BD004E95F0 /* Papr */;
			targetProxy = DCBB1B331FA7B1BD004E95F0 /* PBXContainerItemProxy */;
		};
		DCBB1B3F1FA7B1BD004E95F0 /* PBXTargetDependency */ = {
			isa = PBXTargetDependency;
			target = DCBB1B1D1FA7B1BD004E95F0 /* Papr */;
			targetProxy = DCBB1B3E1FA7B1BD004E95F0 /* PBXContainerItemProxy */;
		};
/* End PBXTargetDependency section */

/* Begin PBXVariantGroup section */
		DCBB1B251FA7B1BD004E95F0 /* Main.storyboard */ = {
			isa = PBXVariantGroup;
			children = (
				DCBB1B261FA7B1BD004E95F0 /* Base */,
			);
			name = Main.storyboard;
			sourceTree = "<group>";
		};
		DCBB1B2A1FA7B1BD004E95F0 /* LaunchScreen.storyboard */ = {
			isa = PBXVariantGroup;
			children = (
				DCBB1B2B1FA7B1BD004E95F0 /* Base */,
			);
			name = LaunchScreen.storyboard;
			sourceTree = "<group>";
		};
/* End PBXVariantGroup section */

/* Begin XCBuildConfiguration section */
		DCBB1B441FA7B1BD004E95F0 /* Debug */ = {
			isa = XCBuildConfiguration;
			buildSettings = {
				ALWAYS_SEARCH_USER_PATHS = NO;
				CLANG_ANALYZER_NONNULL = YES;
				CLANG_ANALYZER_NUMBER_OBJECT_CONVERSION = YES_AGGRESSIVE;
				CLANG_CXX_LANGUAGE_STANDARD = "gnu++14";
				CLANG_CXX_LIBRARY = "libc++";
				CLANG_ENABLE_MODULES = YES;
				CLANG_ENABLE_OBJC_ARC = YES;
				CLANG_WARN_BLOCK_CAPTURE_AUTORELEASING = YES;
				CLANG_WARN_BOOL_CONVERSION = YES;
				CLANG_WARN_COMMA = YES;
				CLANG_WARN_CONSTANT_CONVERSION = YES;
				CLANG_WARN_DIRECT_OBJC_ISA_USAGE = YES_ERROR;
				CLANG_WARN_DOCUMENTATION_COMMENTS = YES;
				CLANG_WARN_EMPTY_BODY = YES;
				CLANG_WARN_ENUM_CONVERSION = YES;
				CLANG_WARN_INFINITE_RECURSION = YES;
				CLANG_WARN_INT_CONVERSION = YES;
				CLANG_WARN_NON_LITERAL_NULL_CONVERSION = YES;
				CLANG_WARN_OBJC_LITERAL_CONVERSION = YES;
				CLANG_WARN_OBJC_ROOT_CLASS = YES_ERROR;
				CLANG_WARN_RANGE_LOOP_ANALYSIS = YES;
				CLANG_WARN_STRICT_PROTOTYPES = YES;
				CLANG_WARN_SUSPICIOUS_MOVE = YES;
				CLANG_WARN_UNGUARDED_AVAILABILITY = YES_AGGRESSIVE;
				CLANG_WARN_UNREACHABLE_CODE = YES;
				CLANG_WARN__DUPLICATE_METHOD_MATCH = YES;
				CODE_SIGN_IDENTITY = "iPhone Developer";
				COPY_PHASE_STRIP = NO;
				DEBUG_INFORMATION_FORMAT = dwarf;
				ENABLE_STRICT_OBJC_MSGSEND = YES;
				ENABLE_TESTABILITY = YES;
				GCC_C_LANGUAGE_STANDARD = gnu11;
				GCC_DYNAMIC_NO_PIC = NO;
				GCC_NO_COMMON_BLOCKS = YES;
				GCC_OPTIMIZATION_LEVEL = 0;
				GCC_PREPROCESSOR_DEFINITIONS = (
					"DEBUG=1",
					"$(inherited)",
				);
				GCC_WARN_64_TO_32_BIT_CONVERSION = YES;
				GCC_WARN_ABOUT_RETURN_TYPE = YES_ERROR;
				GCC_WARN_UNDECLARED_SELECTOR = YES;
				GCC_WARN_UNINITIALIZED_AUTOS = YES_AGGRESSIVE;
				GCC_WARN_UNUSED_FUNCTION = YES;
				GCC_WARN_UNUSED_VARIABLE = YES;
				IPHONEOS_DEPLOYMENT_TARGET = 9.3;
				MTL_ENABLE_DEBUG_INFO = YES;
				ONLY_ACTIVE_ARCH = YES;
				SDKROOT = iphoneos;
				SWIFT_ACTIVE_COMPILATION_CONDITIONS = DEBUG;
				SWIFT_OPTIMIZATION_LEVEL = "-Onone";
			};
			name = Debug;
		};
		DCBB1B451FA7B1BD004E95F0 /* Release */ = {
			isa = XCBuildConfiguration;
			buildSettings = {
				ALWAYS_SEARCH_USER_PATHS = NO;
				CLANG_ANALYZER_NONNULL = YES;
				CLANG_ANALYZER_NUMBER_OBJECT_CONVERSION = YES_AGGRESSIVE;
				CLANG_CXX_LANGUAGE_STANDARD = "gnu++14";
				CLANG_CXX_LIBRARY = "libc++";
				CLANG_ENABLE_MODULES = YES;
				CLANG_ENABLE_OBJC_ARC = YES;
				CLANG_WARN_BLOCK_CAPTURE_AUTORELEASING = YES;
				CLANG_WARN_BOOL_CONVERSION = YES;
				CLANG_WARN_COMMA = YES;
				CLANG_WARN_CONSTANT_CONVERSION = YES;
				CLANG_WARN_DIRECT_OBJC_ISA_USAGE = YES_ERROR;
				CLANG_WARN_DOCUMENTATION_COMMENTS = YES;
				CLANG_WARN_EMPTY_BODY = YES;
				CLANG_WARN_ENUM_CONVERSION = YES;
				CLANG_WARN_INFINITE_RECURSION = YES;
				CLANG_WARN_INT_CONVERSION = YES;
				CLANG_WARN_NON_LITERAL_NULL_CONVERSION = YES;
				CLANG_WARN_OBJC_LITERAL_CONVERSION = YES;
				CLANG_WARN_OBJC_ROOT_CLASS = YES_ERROR;
				CLANG_WARN_RANGE_LOOP_ANALYSIS = YES;
				CLANG_WARN_STRICT_PROTOTYPES = YES;
				CLANG_WARN_SUSPICIOUS_MOVE = YES;
				CLANG_WARN_UNGUARDED_AVAILABILITY = YES_AGGRESSIVE;
				CLANG_WARN_UNREACHABLE_CODE = YES;
				CLANG_WARN__DUPLICATE_METHOD_MATCH = YES;
				CODE_SIGN_IDENTITY = "iPhone Developer";
				COPY_PHASE_STRIP = NO;
				DEBUG_INFORMATION_FORMAT = "dwarf-with-dsym";
				ENABLE_NS_ASSERTIONS = NO;
				ENABLE_STRICT_OBJC_MSGSEND = YES;
				GCC_C_LANGUAGE_STANDARD = gnu11;
				GCC_NO_COMMON_BLOCKS = YES;
				GCC_WARN_64_TO_32_BIT_CONVERSION = YES;
				GCC_WARN_ABOUT_RETURN_TYPE = YES_ERROR;
				GCC_WARN_UNDECLARED_SELECTOR = YES;
				GCC_WARN_UNINITIALIZED_AUTOS = YES_AGGRESSIVE;
				GCC_WARN_UNUSED_FUNCTION = YES;
				GCC_WARN_UNUSED_VARIABLE = YES;
				IPHONEOS_DEPLOYMENT_TARGET = 9.3;
				MTL_ENABLE_DEBUG_INFO = NO;
				SDKROOT = iphoneos;
				SWIFT_OPTIMIZATION_LEVEL = "-Owholemodule";
				VALIDATE_PRODUCT = YES;
			};
			name = Release;
		};
		DCBB1B471FA7B1BD004E95F0 /* Debug */ = {
			isa = XCBuildConfiguration;
			baseConfigurationReference = 54A367A7275D753D93ACC1AB /* Pods-Papr.debug.xcconfig */;
			buildSettings = {
				ASSETCATALOG_COMPILER_APPICON_NAME = AppIcon;
				CODE_SIGN_STYLE = Automatic;
				DEVELOPMENT_TEAM = YLLL7FKAFL;
				INFOPLIST_FILE = Papr/Info.plist;
				LD_RUNPATH_SEARCH_PATHS = "$(inherited) @executable_path/Frameworks";
				PRODUCT_BUNDLE_IDENTIFIER = disho.Papr;
				PRODUCT_NAME = "$(TARGET_NAME)";
				SWIFT_VERSION = 4.0;
				TARGETED_DEVICE_FAMILY = "1,2";
			};
			name = Debug;
		};
		DCBB1B481FA7B1BD004E95F0 /* Release */ = {
			isa = XCBuildConfiguration;
			baseConfigurationReference = 73C64AFFEE5BB0DA9AE1AB4D /* Pods-Papr.release.xcconfig */;
			buildSettings = {
				ASSETCATALOG_COMPILER_APPICON_NAME = AppIcon;
				CODE_SIGN_STYLE = Automatic;
				DEVELOPMENT_TEAM = YLLL7FKAFL;
				INFOPLIST_FILE = Papr/Info.plist;
				LD_RUNPATH_SEARCH_PATHS = "$(inherited) @executable_path/Frameworks";
				PRODUCT_BUNDLE_IDENTIFIER = disho.Papr;
				PRODUCT_NAME = "$(TARGET_NAME)";
				SWIFT_VERSION = 4.0;
				TARGETED_DEVICE_FAMILY = "1,2";
			};
			name = Release;
		};
		DCBB1B4A1FA7B1BD004E95F0 /* Debug */ = {
			isa = XCBuildConfiguration;
			baseConfigurationReference = CB61BD2759AC178641433994 /* Pods-PaprTests.debug.xcconfig */;
			buildSettings = {
				ALWAYS_EMBED_SWIFT_STANDARD_LIBRARIES = YES;
				BUNDLE_LOADER = "$(TEST_HOST)";
				CODE_SIGN_STYLE = Automatic;
				DEVELOPMENT_TEAM = YLLL7FKAFL;
				INFOPLIST_FILE = PaprTests/Info.plist;
				LD_RUNPATH_SEARCH_PATHS = "$(inherited) @executable_path/Frameworks @loader_path/Frameworks";
				PRODUCT_BUNDLE_IDENTIFIER = disho.PaprTests;
				PRODUCT_NAME = "$(TARGET_NAME)";
				SWIFT_VERSION = 4.0;
				TARGETED_DEVICE_FAMILY = "1,2";
				TEST_HOST = "$(BUILT_PRODUCTS_DIR)/Papr.app/Papr";
			};
			name = Debug;
		};
		DCBB1B4B1FA7B1BD004E95F0 /* Release */ = {
			isa = XCBuildConfiguration;
			baseConfigurationReference = F1B488556B6761A1E7A75AA3 /* Pods-PaprTests.release.xcconfig */;
			buildSettings = {
				ALWAYS_EMBED_SWIFT_STANDARD_LIBRARIES = YES;
				BUNDLE_LOADER = "$(TEST_HOST)";
				CODE_SIGN_STYLE = Automatic;
				DEVELOPMENT_TEAM = YLLL7FKAFL;
				INFOPLIST_FILE = PaprTests/Info.plist;
				LD_RUNPATH_SEARCH_PATHS = "$(inherited) @executable_path/Frameworks @loader_path/Frameworks";
				PRODUCT_BUNDLE_IDENTIFIER = disho.PaprTests;
				PRODUCT_NAME = "$(TARGET_NAME)";
				SWIFT_VERSION = 4.0;
				TARGETED_DEVICE_FAMILY = "1,2";
				TEST_HOST = "$(BUILT_PRODUCTS_DIR)/Papr.app/Papr";
			};
			name = Release;
		};
		DCBB1B4D1FA7B1BD004E95F0 /* Debug */ = {
			isa = XCBuildConfiguration;
			baseConfigurationReference = 05991E5B148D044C15815E17 /* Pods-PaprUITests.debug.xcconfig */;
			buildSettings = {
				ALWAYS_EMBED_SWIFT_STANDARD_LIBRARIES = YES;
				CODE_SIGN_STYLE = Automatic;
				DEVELOPMENT_TEAM = YLLL7FKAFL;
				INFOPLIST_FILE = PaprUITests/Info.plist;
				LD_RUNPATH_SEARCH_PATHS = "$(inherited) @executable_path/Frameworks @loader_path/Frameworks";
				PRODUCT_BUNDLE_IDENTIFIER = disho.PaprUITests;
				PRODUCT_NAME = "$(TARGET_NAME)";
				SWIFT_VERSION = 4.0;
				TARGETED_DEVICE_FAMILY = "1,2";
				TEST_TARGET_NAME = Papr;
			};
			name = Debug;
		};
		DCBB1B4E1FA7B1BD004E95F0 /* Release */ = {
			isa = XCBuildConfiguration;
			baseConfigurationReference = 7ADA4A068C8B3E3A9F491B6C /* Pods-PaprUITests.release.xcconfig */;
			buildSettings = {
				ALWAYS_EMBED_SWIFT_STANDARD_LIBRARIES = YES;
				CODE_SIGN_STYLE = Automatic;
				DEVELOPMENT_TEAM = YLLL7FKAFL;
				INFOPLIST_FILE = PaprUITests/Info.plist;
				LD_RUNPATH_SEARCH_PATHS = "$(inherited) @executable_path/Frameworks @loader_path/Frameworks";
				PRODUCT_BUNDLE_IDENTIFIER = disho.PaprUITests;
				PRODUCT_NAME = "$(TARGET_NAME)";
				SWIFT_VERSION = 4.0;
				TARGETED_DEVICE_FAMILY = "1,2";
				TEST_TARGET_NAME = Papr;
			};
			name = Release;
		};
/* End XCBuildConfiguration section */

/* Begin XCConfigurationList section */
		DCBB1B191FA7B1BD004E95F0 /* Build configuration list for PBXProject "Papr" */ = {
			isa = XCConfigurationList;
			buildConfigurations = (
				DCBB1B441FA7B1BD004E95F0 /* Debug */,
				DCBB1B451FA7B1BD004E95F0 /* Release */,
			);
			defaultConfigurationIsVisible = 0;
			defaultConfigurationName = Release;
		};
		DCBB1B461FA7B1BD004E95F0 /* Build configuration list for PBXNativeTarget "Papr" */ = {
			isa = XCConfigurationList;
			buildConfigurations = (
				DCBB1B471FA7B1BD004E95F0 /* Debug */,
				DCBB1B481FA7B1BD004E95F0 /* Release */,
			);
			defaultConfigurationIsVisible = 0;
			defaultConfigurationName = Release;
		};
		DCBB1B491FA7B1BD004E95F0 /* Build configuration list for PBXNativeTarget "PaprTests" */ = {
			isa = XCConfigurationList;
			buildConfigurations = (
				DCBB1B4A1FA7B1BD004E95F0 /* Debug */,
				DCBB1B4B1FA7B1BD004E95F0 /* Release */,
			);
			defaultConfigurationIsVisible = 0;
			defaultConfigurationName = Release;
		};
		DCBB1B4C1FA7B1BD004E95F0 /* Build configuration list for PBXNativeTarget "PaprUITests" */ = {
			isa = XCConfigurationList;
			buildConfigurations = (
				DCBB1B4D1FA7B1BD004E95F0 /* Debug */,
				DCBB1B4E1FA7B1BD004E95F0 /* Release */,
			);
			defaultConfigurationIsVisible = 0;
			defaultConfigurationName = Release;
		};
/* End XCConfigurationList section */
	};
	rootObject = DCBB1B161FA7B1BD004E95F0 /* Project object */;
}
